<?xml version="1.0" encoding="utf-8"?>
<Project ToolsVersion="4.0" xmlns="http://schemas.microsoft.com/developer/msbuild/2003">
  <ItemGroup>
    <Filter Include="Source Files">
      <UniqueIdentifier>{4FC737F1-C7A5-4376-A066-2A32D752A2FF}</UniqueIdentifier>
      <Extensions>cpp;c;cc;cxx;c++;cppm;ixx;def;odl;idl;hpj;bat;asm;asmx</Extensions>
    </Filter>
    <Filter Include="Header Files">
      <UniqueIdentifier>{93995380-89BD-4b04-88EB-625FBE52EBFB}</UniqueIdentifier>
      <Extensions>h;hh;hpp;hxx;h++;hm;inl;inc;ipp;xsd</Extensions>
    </Filter>
    <Filter Include="Resource Files">
      <UniqueIdentifier>{67DA6AB6-F800-4c08-8B7A-83BB121AAD01}</UniqueIdentifier>
      <Extensions>rc;ico;cur;bmp;dlg;rc2;rct;bin;rgs;gif;jpg;jpeg;jpe;resx;tiff;tif;png;wav;mfcribbon-ms</Extensions>
    </Filter>
  </ItemGroup>
  <ItemGroup>
    <ClCompile Include="litestepooooo.cpp">
      <Filter>Source Files</Filter>
    </ClCompile>
    <ClCompile Include="Taskbar\CTaskbar.cpp">
      <Filter>Source Files</Filter>
    </ClCompile>
    <ClCompile Include="WinShellFunctionality\UsefulShellApi.cpp">
      <Filter>Source Files</Filter>
    </ClCompile>
    <ClCompile Include="WinShellFunctionality\ShellHookingFunctionality.cpp">
      <Filter>Source Files</Filter>
    </ClCompile>
    <ClCompile Include="Taskbar\barItem.cpp">
      <Filter>Source Files</Filter>
    </ClCompile>
    <ClCompile Include="Taskbar\taskbarItemClasses.cpp">
      <Filter>Source Files</Filter>
    </ClCompile>
    <ClCompile Include="iniParser.cpp">
      <Filter>Source Files</Filter>
    </ClCompile>
    <ClCompile Include="colors.cpp">
      <Filter>Source Files</Filter>
    </ClCompile>
    <ClCompile Include="Services\TrayService.cpp">
      <Filter>Source Files</Filter>
    </ClCompile>
    <ClCompile Include="Services\TaskService.cpp">
      <Filter>Source Files</Filter>
    </ClCompile>
    <ClCompile Include="Taskbar\drawingApi.cpp">
      <Filter>Source Files</Filter>
    </ClCompile>
    <ClCompile Include="MENU\FlatPopupMenu.cpp">
      <Filter>Source Files</Filter>
    </ClCompile>
    <ClCompile Include="Styling.cpp">
      <Filter>Source Files</Filter>
    </ClCompile>
    <ClCompile Include="WinShellFunctionality\WindowQueryHelpers.cpp">
      <Filter>Source Files</Filter>
    </ClCompile>
  </ItemGroup>
  <ItemGroup>
    <ClInclude Include="Taskbar\CTaskbar.h">
      <Filter>Header Files</Filter>
    </ClInclude>
    <ClInclude Include="WinShellFunctionality\UsefulShellApi.h">
      <Filter>Header Files</Filter>
    </ClInclude>
    <ClInclude Include="WinShellFunctionality\ShellHookingFunctionality.h">
      <Filter>Header Files</Filter>
    </ClInclude>
    <ClInclude Include="Taskbar\barItem.h">
      <Filter>Header Files</Filter>
    </ClInclude>
    <ClInclude Include="Taskbar\taskbarItemClasses.h">
      <Filter>Header Files</Filter>
    </ClInclude>
    <ClInclude Include="iniParser.h">
      <Filter>Header Files</Filter>
    </ClInclude>
    <ClInclude Include="colors.h">
      <Filter>Header Files</Filter>
    </ClInclude>
    <ClInclude Include="Styling.h">
      <Filter>Header Files</Filter>
    </ClInclude>
    <ClInclude Include="Services\TrayService.h">
      <Filter>Header Files</Filter>
    </ClInclude>
    <ClInclude Include="Services\TaskService.h">
      <Filter>Header Files</Filter>
    </ClInclude>
    <ClInclude Include="Taskbar\drawingApi.h">
      <Filter>Header Files</Filter>
    </ClInclude>
    <ClInclude Include="MENU\FlatPopupMenu.h">
      <Filter>Header Files</Filter>
    </ClInclude>
    <ClInclude Include="WinShellFunctionality\WindowQueryHelpers.h">
      <Filter>Header Files</Filter>
    </ClInclude>
  </ItemGroup>
</Project>